{
  "version": "v1",
  "packages": {
    "@tmlmobilidade/types": {
      "signature": "238f3dd60558f9a47482b98a1643b0b9"
    },
    "@tmlmobilidade/lib": {
      "signature": "05216b35eba906eeb1b9534b06496698"
    },
    "@tmlmobilidade/connectors": {
      "signature": "c8160f260cc981caf8e0ed2f3747e360",
      "pure": true
    },
    "@tmlmobilidade/interfaces": {
      "signature": "7b174a7ab537663d022c75eeafb1289c"
    },
    "@tmlmobilidade/ui": {
      "signature": "85f335593790ace5f1cc3c60c6a83434"
    }
  }
}