{
  "version": "v1",
  "packages": {
    "@tmlmobilidade/types": {
      "signature": "238f3dd60558f9a47482b98a1643b0b9"
    },
    "@tmlmobilidade/lib": {
      "signature": "05216b35eba906eeb1b9534b06496698"
    },
    "@tmlmobilidade/connectors": {
      "signature": "c8160f260cc981caf8e0ed2f3747e360",
      "pure": true
    },
    "@tmlmobilidade/interfaces": {
      "signature": "bcb49d4248839949023352c96d5db616"
    },
    "@tmlmobilidade/ui": {
      "signature": "d31c5bf4f9f25b721e6d6db1baa7a7e7"
    }
  }
}